
Microsoft Visual Studio Solution File, Format Version 12.00
# Visual Studio 14
VisualStudioVersion = 14.0.25420.1
MinimumVisualStudioVersion = 10.0.40219.1
Project("{FAE04EC0-301F-11D3-BF4B-00C04F79EFBC}") = "ExperimentalTools", "ExperimentalTools\ExperimentalTools.csproj", "{2432587A-3D94-4656-9407-A9788912B2ED}"
EndProject
Project("{FAE04EC0-301F-11D3-BF4B-00C04F79EFBC}") = "ExperimentalTools.Vsix", "ExperimentalTools.Vsix\ExperimentalTools.Vsix.csproj", "{E03EC062-7549-4B27-99B3-DAC1BB517C84}"
EndProject
Project("{FAE04EC0-301F-11D3-BF4B-00C04F79EFBC}") = "ExperimentalTools.Tests", "ExperimentalTools.Tests\ExperimentalTools.Tests.csproj", "{27FB5E9C-4653-45C1-B33A-78F0166763C8}"
EndProject
Project("{2150E333-8FDC-42A3-9474-1A3956D46DE8}") = "Solution Items", "Solution Items", "{1BF7C23D-CE3A-4D60-A9F3-FD9D343ED66F}"
	ProjectSection(SolutionItems) = preProject
		appveyor.yml = appveyor.yml
		CHANGELOG.md = CHANGELOG.md
		CONTRIBUTING.md = CONTRIBUTING.md
		ISSUE_TEMPLATE.md = ISSUE_TEMPLATE.md
		README.md = README.md
	EndProjectSection
EndProject
Project("{FAE04EC0-301F-11D3-BF4B-00C04F79EFBC}") = "ExperimentalTools.Roslyn", "ExperimentalTools.Roslyn\ExperimentalTools.Roslyn.csproj", "{F1143ED6-296C-4DDC-8C1F-A67F0B5CE193}"
EndProject
Global
	GlobalSection(SolutionConfigurationPlatforms) = preSolution
		Debug|Any CPU = Debug|Any CPU
		Release|Any CPU = Release|Any CPU
	EndGlobalSection
	GlobalSection(ProjectConfigurationPlatforms) = postSolution
		{2432587A-3D94-4656-9407-A9788912B2ED}.Debug|Any CPU.ActiveCfg = Debug|Any CPU
		{2432587A-3D94-4656-9407-A9788912B2ED}.Debug|Any CPU.Build.0 = Debug|Any CPU
		{2432587A-3D94-4656-9407-A9788912B2ED}.Release|Any CPU.ActiveCfg = Release|Any CPU
		{2432587A-3D94-4656-9407-A9788912B2ED}.Release|Any CPU.Build.0 = Release|Any CPU
		{E03EC062-7549-4B27-99B3-DAC1BB517C84}.Debug|Any CPU.ActiveCfg = Debug|Any CPU
		{E03EC062-7549-4B27-99B3-DAC1BB517C84}.Debug|Any CPU.Build.0 = Debug|Any CPU
		{E03EC062-7549-4B27-99B3-DAC1BB517C84}.Release|Any CPU.ActiveCfg = Release|Any CPU
		{E03EC062-7549-4B27-99B3-DAC1BB517C84}.Release|Any CPU.Build.0 = Release|Any CPU
		{27FB5E9C-4653-45C1-B33A-78F0166763C8}.Debug|Any CPU.ActiveCfg = Debug|Any CPU
		{27FB5E9C-4653-45C1-B33A-78F0166763C8}.Debug|Any CPU.Build.0 = Debug|Any CPU
		{27FB5E9C-4653-45C1-B33A-78F0166763C8}.Release|Any CPU.ActiveCfg = Release|Any CPU
		{27FB5E9C-4653-45C1-B33A-78F0166763C8}.Release|Any CPU.Build.0 = Release|Any CPU
		{F1143ED6-296C-4DDC-8C1F-A67F0B5CE193}.Debug|Any CPU.ActiveCfg = Debug|Any CPU
		{F1143ED6-296C-4DDC-8C1F-A67F0B5CE193}.Debug|Any CPU.Build.0 = Debug|Any CPU
		{F1143ED6-296C-4DDC-8C1F-A67F0B5CE193}.Release|Any CPU.ActiveCfg = Release|Any CPU
		{F1143ED6-296C-4DDC-8C1F-A67F0B5CE193}.Release|Any CPU.Build.0 = Release|Any CPU
	EndGlobalSection
	GlobalSection(SolutionProperties) = preSolution
		HideSolutionNode = FALSE
	EndGlobalSection
EndGlobal
